
Microsoft Visual Studio Solution File, Format Version 12.00
# Visual Studio Version 17
VisualStudioVersion = 17.9.34728.123
MinimumVisualStudioVersion = 10.0.40219.1
Project("{FAE04EC0-301F-11D3-BF4B-00C04F79EFBC}") = "davaleba927", "davaleba927\davaleba927.csproj", "{C75EB772-00B4-417A-952D-E9DB2BE89D30}"
EndProject
Global
	GlobalSection(SolutionConfigurationPlatforms) = preSolution
		Debug|Any CPU = Debug|Any CPU
		Release|Any CPU = Release|Any CPU
	EndGlobalSection
	GlobalSection(ProjectConfigurationPlatforms) = postSolution
		{C75EB772-00B4-417A-952D-E9DB2BE89D30}.Debug|Any CPU.ActiveCfg = Debug|Any CPU
		{C75EB772-00B4-417A-952D-E9DB2BE89D30}.Debug|Any CPU.Build.0 = Debug|Any CPU
		{C75EB772-00B4-417A-952D-E9DB2BE89D30}.Release|Any CPU.ActiveCfg = Release|Any CPU
		{C75EB772-00B4-417A-952D-E9DB2BE89D30}.Release|Any CPU.Build.0 = Release|Any CPU
	EndGlobalSection
	GlobalSection(SolutionProperties) = preSolution
		HideSolutionNode = FALSE
	EndGlobalSection
	GlobalSection(ExtensibilityGlobals) = postSolution
		SolutionGuid = {B414F4E8-7E9C-40E4-8E62-C59C8216BD13}
	EndGlobalSection
EndGlobal
